
Microsoft Visual Studio Solution File, Format Version 12.00
# Visual Studio 2013
VisualStudioVersion = 12.0.31101.0
MinimumVisualStudioVersion = 10.0.40219.1
Project("{E24C65DC-7377-472B-9ABA-BC803B73C61A}") = "www(2)", "http://localhost:3566", "{72641FB8-B4B3-44E0-AEB5-8BF90E542066}"
	ProjectSection(WebsiteProperties) = preProject
		UseIISExpress = "true"
		TargetFrameworkMoniker = ".NETFramework,Version%3Dv4.0"
		Debug.AspNetCompiler.VirtualPath = "/localhost_3566"
		Debug.AspNetCompiler.PhysicalPath = "D:\Jayanti\Source\TrackingTool\LocanixTrackingTool\www\"
		Debug.AspNetCompiler.TargetPath = "PrecompiledWeb\localhost_3566\"
		Debug.AspNetCompiler.Updateable = "true"
		Debug.AspNetCompiler.ForceOverwrite = "true"
		Debug.AspNetCompiler.FixedNames = "false"
		Debug.AspNetCompiler.Debug = "True"
		Release.AspNetCompiler.VirtualPath = "/localhost_3566"
		Release.AspNetCompiler.PhysicalPath = "D:\Jayanti\Source\TrackingTool\LocanixTrackingTool\www\"
		Release.AspNetCompiler.TargetPath = "PrecompiledWeb\localhost_3566\"
		Release.AspNetCompiler.Updateable = "true"
		Release.AspNetCompiler.ForceOverwrite = "true"
		Release.AspNetCompiler.FixedNames = "false"
		Release.AspNetCompiler.Debug = "False"
		SlnRelativePath = "D:\Jayanti\Source\TrackingTool\LocanixTrackingTool\www\"
	EndProjectSection
EndProject
Global
	GlobalSection(SolutionConfigurationPlatforms) = preSolution
		Debug|Any CPU = Debug|Any CPU
	EndGlobalSection
	GlobalSection(ProjectConfigurationPlatforms) = postSolution
		{72641FB8-B4B3-44E0-AEB5-8BF90E542066}.Debug|Any CPU.ActiveCfg = Debug|Any CPU
		{72641FB8-B4B3-44E0-AEB5-8BF90E542066}.Debug|Any CPU.Build.0 = Debug|Any CPU
	EndGlobalSection
	GlobalSection(SolutionProperties) = preSolution
		HideSolutionNode = FALSE
	EndGlobalSection
EndGlobal
